
Microsoft Visual Studio Solution File, Format Version 12.00
# Visual Studio Version 17
VisualStudioVersion = 17.0.31919.166
MinimumVisualStudioVersion = 10.0.40219.1
Project("{FAE04EC0-301F-11D3-BF4B-00C04F79EFBC}") = "Pessoa-POO", "Pessoa-POO.csproj", "{115A8587-B2F7-4AF4-9BBF-674D6CE43821}"
EndProject
Global
	GlobalSection(SolutionConfigurationPlatforms) = preSolution
		Debug|Any CPU = Debug|Any CPU
		Release|Any CPU = Release|Any CPU
	EndGlobalSection
	GlobalSection(ProjectConfigurationPlatforms) = postSolution
		{115A8587-B2F7-4AF4-9BBF-674D6CE43821}.Debug|Any CPU.ActiveCfg = Debug|Any CPU
		{115A8587-B2F7-4AF4-9BBF-674D6CE43821}.Debug|Any CPU.Build.0 = Debug|Any CPU
		{115A8587-B2F7-4AF4-9BBF-674D6CE43821}.Release|Any CPU.ActiveCfg = Release|Any CPU
		{115A8587-B2F7-4AF4-9BBF-674D6CE43821}.Release|Any CPU.Build.0 = Release|Any CPU
	EndGlobalSection
	GlobalSection(SolutionProperties) = preSolution
		HideSolutionNode = FALSE
	EndGlobalSection
	GlobalSection(ExtensibilityGlobals) = postSolution
		SolutionGuid = {9486624A-04E1-49F5-AD36-54A050BE4816}
	EndGlobalSection
EndGlobal
